
Microsoft Visual Studio Solution File, Format Version 12.00
# Visual Studio 2013
VisualStudioVersion = 12.0.30501.0
MinimumVisualStudioVersion = 10.0.40219.1
Project("{FAE04EC0-301F-11D3-BF4B-00C04F79EFBC}") = "MiLight.Net.Commands", "MiLight.Net.Commands\MiLight.Net.Commands.csproj", "{654B2A7D-DA52-44B2-98D2-11E1E89C2C8E}"
EndProject
Project("{FAE04EC0-301F-11D3-BF4B-00C04F79EFBC}") = "MiLight.Net.WifiController", "MiLight.Net.WifiController\MiLight.Net.WifiController.csproj", "{909A534E-D573-41CF-8A47-9C79179D9660}"
EndProject
Project("{FAE04EC0-301F-11D3-BF4B-00C04F79EFBC}") = "MiLight.Net.Tests", "MiLight.Net.Tests\MiLight.Net.Tests.csproj", "{6C91C08C-EE07-4C3F-81DC-0AEE8A2C150B}"
EndProject
Project("{FAE04EC0-301F-11D3-BF4B-00C04F79EFBC}") = "MiLight.Net.Contracts", "MiLight.Net.Contracts\MiLight.Net.Contracts.csproj", "{79B92502-3CD6-4D35-8582-473380F627B1}"
EndProject
Global
	GlobalSection(SolutionConfigurationPlatforms) = preSolution
		Debug|Any CPU = Debug|Any CPU
		Release|Any CPU = Release|Any CPU
	EndGlobalSection
	GlobalSection(ProjectConfigurationPlatforms) = postSolution
		{654B2A7D-DA52-44B2-98D2-11E1E89C2C8E}.Debug|Any CPU.ActiveCfg = Debug|Any CPU
		{654B2A7D-DA52-44B2-98D2-11E1E89C2C8E}.Debug|Any CPU.Build.0 = Debug|Any CPU
		{654B2A7D-DA52-44B2-98D2-11E1E89C2C8E}.Release|Any CPU.ActiveCfg = Release|Any CPU
		{654B2A7D-DA52-44B2-98D2-11E1E89C2C8E}.Release|Any CPU.Build.0 = Release|Any CPU
		{909A534E-D573-41CF-8A47-9C79179D9660}.Debug|Any CPU.ActiveCfg = Debug|Any CPU
		{909A534E-D573-41CF-8A47-9C79179D9660}.Debug|Any CPU.Build.0 = Debug|Any CPU
		{909A534E-D573-41CF-8A47-9C79179D9660}.Release|Any CPU.ActiveCfg = Release|Any CPU
		{909A534E-D573-41CF-8A47-9C79179D9660}.Release|Any CPU.Build.0 = Release|Any CPU
		{6C91C08C-EE07-4C3F-81DC-0AEE8A2C150B}.Debug|Any CPU.ActiveCfg = Debug|Any CPU
		{6C91C08C-EE07-4C3F-81DC-0AEE8A2C150B}.Debug|Any CPU.Build.0 = Debug|Any CPU
		{6C91C08C-EE07-4C3F-81DC-0AEE8A2C150B}.Release|Any CPU.ActiveCfg = Release|Any CPU
		{6C91C08C-EE07-4C3F-81DC-0AEE8A2C150B}.Release|Any CPU.Build.0 = Release|Any CPU
		{79B92502-3CD6-4D35-8582-473380F627B1}.Debug|Any CPU.ActiveCfg = Debug|Any CPU
		{79B92502-3CD6-4D35-8582-473380F627B1}.Debug|Any CPU.Build.0 = Debug|Any CPU
		{79B92502-3CD6-4D35-8582-473380F627B1}.Release|Any CPU.ActiveCfg = Release|Any CPU
		{79B92502-3CD6-4D35-8582-473380F627B1}.Release|Any CPU.Build.0 = Release|Any CPU
	EndGlobalSection
	GlobalSection(SolutionProperties) = preSolution
		HideSolutionNode = FALSE
	EndGlobalSection
EndGlobal
